PODS:
  - SBTUITestTunnelHost (2.0.0)

DEPENDENCIES:
  - SBTUITestTunnelHost (from `../`)

EXTERNAL SOURCES:
  SBTUITestTunnelHost:
    :path: "../"

SPEC CHECKSUMS:
  SBTUITestTunnelHost: 61b22376c8f6232440ac6cde330a4fc8746e092e

PODFILE CHECKSUM: 814a29fa0fd16a3c0594d87c72a44da4dc5af1db

COCOAPODS: 1.11.3
