PODS:
  - SBTUITestTunnelHost (0.1.0)

DEPENDENCIES:
  - SBTUITestTunnelHost (from `../`)

EXTERNAL SOURCES:
  SBTUITestTunnelHost:
    :path: "../"

SPEC CHECKSUMS:
  SBTUITestTunnelHost: 40419b4f6d0f020f62565da6f2e6fdb38883458a

PODFILE CHECKSUM: 67bb2640d137cf587b5c1817e27b178e4f4dd22d

COCOAPODS: 1.2.1
