PODS:
  - SBTUITestTunnelHost (2.1.0)

DEPENDENCIES:
  - SBTUITestTunnelHost (from `../`)

EXTERNAL SOURCES:
  SBTUITestTunnelHost:
    :path: "../"

SPEC CHECKSUMS:
  SBTUITestTunnelHost: 3dec16f0324aee7a92d25ebae3d1d3f4913cf93d

PODFILE CHECKSUM: 814a29fa0fd16a3c0594d87c72a44da4dc5af1db

COCOAPODS: 1.11.3
