// !$*UTF8*$!
{
	archiveVersion = 1;
	classes = {
	};
	objectVersion = 46;
	objects = {

/* Begin PBXBuildFile section */
		03692C5EE09D56C1560E2458 /* Pods_SBTUITestTunnelHost_ExampleUITests.framework in Frameworks */ = {isa = PBXBuildFile; fileRef = 006DC30551D4F8C9A5B11DD6 /* Pods_SBTUITestTunnelHost_ExampleUITests.framework */; };
		6003F58E195388D20070C39A /* Foundation.framework in Frameworks */ = {isa = PBXBuildFile; fileRef = 6003F58D195388D20070C39A /* Foundation.framework */; };
		6003F590195388D20070C39A /* CoreGraphics.framework in Frameworks */ = {isa = PBXBuildFile; fileRef = 6003F58F195388D20070C39A /* CoreGraphics.framework */; };
		6003F592195388D20070C39A /* UIKit.framework in Frameworks */ = {isa = PBXBuildFile; fileRef = 6003F591195388D20070C39A /* UIKit.framework */; };
		6003F598195388D20070C39A /* InfoPlist.strings in Resources */ = {isa = PBXBuildFile; fileRef = 6003F596195388D20070C39A /* InfoPlist.strings */; };
		6003F59A195388D20070C39A /* main.m in Sources */ = {isa = PBXBuildFile; fileRef = 6003F599195388D20070C39A /* main.m */; };
		6003F59E195388D20070C39A /* SBTAppDelegate.m in Sources */ = {isa = PBXBuildFile; fileRef = 6003F59D195388D20070C39A /* SBTAppDelegate.m */; };
		6003F5A9195388D20070C39A /* Images.xcassets in Resources */ = {isa = PBXBuildFile; fileRef = 6003F5A8195388D20070C39A /* Images.xcassets */; };
		71719F9F1E33DC2100824A3D /* LaunchScreen.storyboard in Resources */ = {isa = PBXBuildFile; fileRef = 71719F9D1E33DC2100824A3D /* LaunchScreen.storyboard */; };
		873B8AEB1B1F5CCA007FD442 /* Main.storyboard in Resources */ = {isa = PBXBuildFile; fileRef = 873B8AEA1B1F5CCA007FD442 /* Main.storyboard */; };
		C304476B1EB8B7CB00454832 /* SBTUITestTunnelHost_ExampleUITests.m in Sources */ = {isa = PBXBuildFile; fileRef = C304476A1EB8B7CB00454832 /* SBTUITestTunnelHost_ExampleUITests.m */; };
		C30447761EB93DEF00454832 /* SBTUITestTunnelHost_ExampleUITests_Swift.swift in Sources */ = {isa = PBXBuildFile; fileRef = C30447751EB93DEF00454832 /* SBTUITestTunnelHost_ExampleUITests_Swift.swift */; };
		C323A5DF1EBBCB960030F545 /* SBTViewController.m in Sources */ = {isa = PBXBuildFile; fileRef = C323A5DE1EBBCB960030F545 /* SBTViewController.m */; };
		CE376A60848A128D6B4C8378 /* Pods_SBTUITestTunnelHost_Example.framework in Frameworks */ = {isa = PBXBuildFile; fileRef = 2FD89CED2F138A44A76DE302 /* Pods_SBTUITestTunnelHost_Example.framework */; };
/* End PBXBuildFile section */

/* Begin PBXContainerItemProxy section */
		C304476D1EB8B7CB00454832 /* PBXContainerItemProxy */ = {
			isa = PBXContainerItemProxy;
			containerPortal = 6003F582195388D10070C39A /* Project object */;
			proxyType = 1;
			remoteGlobalIDString = 6003F589195388D20070C39A;
			remoteInfo = SBTUITestTunnelHost_Example;
		};
/* End PBXContainerItemProxy section */

/* Begin PBXFileReference section */
		006DC30551D4F8C9A5B11DD6 /* Pods_SBTUITestTunnelHost_ExampleUITests.framework */ = {isa = PBXFileReference; explicitFileType = wrapper.framework; includeInIndex = 0; path = Pods_SBTUITestTunnelHost_ExampleUITests.framework; sourceTree = BUILT_PRODUCTS_DIR; };
		12EF9C579D20DC52B32CB38D /* Pods-SBTUITestTunnelHost_Example.release.xcconfig */ = {isa = PBXFileReference; includeInIndex = 1; lastKnownFileType = text.xcconfig; name = "Pods-SBTUITestTunnelHost_Example.release.xcconfig"; path = "Pods/Target Support Files/Pods-SBTUITestTunnelHost_Example/Pods-SBTUITestTunnelHost_Example.release.xcconfig"; sourceTree = "<group>"; };
		17808F764844C5DADEA3CA67 /* Pods-SBTUITestTunnelHost_Tests.debug.xcconfig */ = {isa = PBXFileReference; includeInIndex = 1; lastKnownFileType = text.xcconfig; name = "Pods-SBTUITestTunnelHost_Tests.debug.xcconfig"; path = "Pods/Target Support Files/Pods-SBTUITestTunnelHost_Tests/Pods-SBTUITestTunnelHost_Tests.debug.xcconfig"; sourceTree = "<group>"; };
		2FD89CED2F138A44A76DE302 /* Pods_SBTUITestTunnelHost_Example.framework */ = {isa = PBXFileReference; explicitFileType = wrapper.framework; includeInIndex = 0; path = Pods_SBTUITestTunnelHost_Example.framework; sourceTree = BUILT_PRODUCTS_DIR; };
		5187B5CB235D1F08D02F2918 /* SBTUITestTunnelHost.podspec */ = {isa = PBXFileReference; includeInIndex = 1; lastKnownFileType = text; name = SBTUITestTunnelHost.podspec; path = ../SBTUITestTunnelHost.podspec; sourceTree = "<group>"; };
		6003F58A195388D20070C39A /* SBTUITestTunnelHost_Example.app */ = {isa = PBXFileReference; explicitFileType = wrapper.application; includeInIndex = 0; path = SBTUITestTunnelHost_Example.app; sourceTree = BUILT_PRODUCTS_DIR; };
		6003F58D195388D20070C39A /* Foundation.framework */ = {isa = PBXFileReference; lastKnownFileType = wrapper.framework; name = Foundation.framework; path = System/Library/Frameworks/Foundation.framework; sourceTree = SDKROOT; };
		6003F58F195388D20070C39A /* CoreGraphics.framework */ = {isa = PBXFileReference; lastKnownFileType = wrapper.framework; name = CoreGraphics.framework; path = System/Library/Frameworks/CoreGraphics.framework; sourceTree = SDKROOT; };
		6003F591195388D20070C39A /* UIKit.framework */ = {isa = PBXFileReference; lastKnownFileType = wrapper.framework; name = UIKit.framework; path = System/Library/Frameworks/UIKit.framework; sourceTree = SDKROOT; };
		6003F595195388D20070C39A /* SBTUITestTunnelHost-Info.plist */ = {isa = PBXFileReference; lastKnownFileType = text.plist.xml; path = "SBTUITestTunnelHost-Info.plist"; sourceTree = "<group>"; };
		6003F597195388D20070C39A /* en */ = {isa = PBXFileReference; lastKnownFileType = text.plist.strings; name = en; path = en.lproj/InfoPlist.strings; sourceTree = "<group>"; };
		6003F599195388D20070C39A /* main.m */ = {isa = PBXFileReference; lastKnownFileType = sourcecode.c.objc; path = main.m; sourceTree = "<group>"; };
		6003F59B195388D20070C39A /* SBTUITestTunnelHost-Prefix.pch */ = {isa = PBXFileReference; lastKnownFileType = sourcecode.c.h; path = "SBTUITestTunnelHost-Prefix.pch"; sourceTree = "<group>"; };
		6003F59C195388D20070C39A /* SBTAppDelegate.h */ = {isa = PBXFileReference; lastKnownFileType = sourcecode.c.h; path = SBTAppDelegate.h; sourceTree = "<group>"; };
		6003F59D195388D20070C39A /* SBTAppDelegate.m */ = {isa = PBXFileReference; lastKnownFileType = sourcecode.c.objc; path = SBTAppDelegate.m; sourceTree = "<group>"; };
		6003F5A8195388D20070C39A /* Images.xcassets */ = {isa = PBXFileReference; lastKnownFileType = folder.assetcatalog; path = Images.xcassets; sourceTree = "<group>"; };
		6003F5AF195388D20070C39A /* XCTest.framework */ = {isa = PBXFileReference; lastKnownFileType = wrapper.framework; name = XCTest.framework; path = Library/Frameworks/XCTest.framework; sourceTree = DEVELOPER_DIR; };
		71719F9E1E33DC2100824A3D /* Base */ = {isa = PBXFileReference; lastKnownFileType = file.storyboard; name = Base; path = Base.lproj/LaunchScreen.storyboard; sourceTree = "<group>"; };
		7863D6BAE1EDE24EC07A8311 /* Pods-SBTUITestTunnelHost_Example.debug.xcconfig */ = {isa = PBXFileReference; includeInIndex = 1; lastKnownFileType = text.xcconfig; name = "Pods-SBTUITestTunnelHost_Example.debug.xcconfig"; path = "Pods/Target Support Files/Pods-SBTUITestTunnelHost_Example/Pods-SBTUITestTunnelHost_Example.debug.xcconfig"; sourceTree = "<group>"; };
		7AA68A5973D0E416D32AE155 /* Pods_SBTUITestTunnelHost_Tests.framework */ = {isa = PBXFileReference; explicitFileType = wrapper.framework; includeInIndex = 0; path = Pods_SBTUITestTunnelHost_Tests.framework; sourceTree = BUILT_PRODUCTS_DIR; };
		7CF5314FEEE9A18F3021098D /* Pods-SBTUITestTunnelHost_Tests.release.xcconfig */ = {isa = PBXFileReference; includeInIndex = 1; lastKnownFileType = text.xcconfig; name = "Pods-SBTUITestTunnelHost_Tests.release.xcconfig"; path = "Pods/Target Support Files/Pods-SBTUITestTunnelHost_Tests/Pods-SBTUITestTunnelHost_Tests.release.xcconfig"; sourceTree = "<group>"; };
		7D007DD62C8D234539FD47CC /* Pods-SBTUITestTunnelHost_ExampleUITests.debug.xcconfig */ = {isa = PBXFileReference; includeInIndex = 1; lastKnownFileType = text.xcconfig; name = "Pods-SBTUITestTunnelHost_ExampleUITests.debug.xcconfig"; path = "Pods/Target Support Files/Pods-SBTUITestTunnelHost_ExampleUITests/Pods-SBTUITestTunnelHost_ExampleUITests.debug.xcconfig"; sourceTree = "<group>"; };
		873B8AEA1B1F5CCA007FD442 /* Main.storyboard */ = {isa = PBXFileReference; fileEncoding = 4; lastKnownFileType = file.storyboard; name = Main.storyboard; path = Base.lproj/Main.storyboard; sourceTree = "<group>"; };
		91B9172D5FDE0ACDF8790379 /* LICENSE */ = {isa = PBXFileReference; includeInIndex = 1; lastKnownFileType = text; name = LICENSE; path = ../LICENSE; sourceTree = "<group>"; };
		C25167AF8D19E6B1017B5C8C /* Pods-SBTUITestTunnelHost_ExampleUITests.release.xcconfig */ = {isa = PBXFileReference; includeInIndex = 1; lastKnownFileType = text.xcconfig; name = "Pods-SBTUITestTunnelHost_ExampleUITests.release.xcconfig"; path = "Pods/Target Support Files/Pods-SBTUITestTunnelHost_ExampleUITests/Pods-SBTUITestTunnelHost_ExampleUITests.release.xcconfig"; sourceTree = "<group>"; };
		C30447681EB8B7CB00454832 /* SBTUITestTunnelHost_ExampleUITests.xctest */ = {isa = PBXFileReference; explicitFileType = wrapper.cfbundle; includeInIndex = 0; path = SBTUITestTunnelHost_ExampleUITests.xctest; sourceTree = BUILT_PRODUCTS_DIR; };
		C304476A1EB8B7CB00454832 /* SBTUITestTunnelHost_ExampleUITests.m */ = {isa = PBXFileReference; lastKnownFileType = sourcecode.c.objc; path = SBTUITestTunnelHost_ExampleUITests.m; sourceTree = "<group>"; };
		C304476C1EB8B7CB00454832 /* Info.plist */ = {isa = PBXFileReference; lastKnownFileType = text.plist.xml; path = Info.plist; sourceTree = "<group>"; };
		C30447721EB93DA900454832 /* SBTUITestTunnelHost_ExampleUITests-Bridging-Header.h */ = {isa = PBXFileReference; lastKnownFileType = sourcecode.c.h; path = "SBTUITestTunnelHost_ExampleUITests-Bridging-Header.h"; sourceTree = "<group>"; };
		C30447751EB93DEF00454832 /* SBTUITestTunnelHost_ExampleUITests_Swift.swift */ = {isa = PBXFileReference; fileEncoding = 4; lastKnownFileType = sourcecode.swift; path = SBTUITestTunnelHost_ExampleUITests_Swift.swift; sourceTree = "<group>"; };
		C323A5DD1EBBCB960030F545 /* SBTViewController.h */ = {isa = PBXFileReference; fileEncoding = 4; lastKnownFileType = sourcecode.c.h; path = SBTViewController.h; sourceTree = "<group>"; };
		C323A5DE1EBBCB960030F545 /* SBTViewController.m */ = {isa = PBXFileReference; fileEncoding = 4; lastKnownFileType = sourcecode.c.objc; path = SBTViewController.m; sourceTree = "<group>"; };
		FB8EBC7EFC49C0E784991035 /* README.md */ = {isa = PBXFileReference; includeInIndex = 1; lastKnownFileType = net.daringfireball.markdown; name = README.md; path = ../README.md; sourceTree = "<group>"; };
/* End PBXFileReference section */

/* Begin PBXFrameworksBuildPhase section */
		6003F587195388D20070C39A /* Frameworks */ = {
			isa = PBXFrameworksBuildPhase;
			buildActionMask = 2147483647;
			files = (
				6003F590195388D20070C39A /* CoreGraphics.framework in Frameworks */,
				6003F592195388D20070C39A /* UIKit.framework in Frameworks */,
				6003F58E195388D20070C39A /* Foundation.framework in Frameworks */,
				CE376A60848A128D6B4C8378 /* Pods_SBTUITestTunnelHost_Example.framework in Frameworks */,
			);
			runOnlyForDeploymentPostprocessing = 0;
		};
		C30447651EB8B7CB00454832 /* Frameworks */ = {
			isa = PBXFrameworksBuildPhase;
			buildActionMask = 2147483647;
			files = (
				03692C5EE09D56C1560E2458 /* Pods_SBTUITestTunnelHost_ExampleUITests.framework in Frameworks */,
			);
			runOnlyForDeploymentPostprocessing = 0;
		};
/* End PBXFrameworksBuildPhase section */

/* Begin PBXGroup section */
		1C8F704142CC91B630067792 /* Pods */ = {
			isa = PBXGroup;
			children = (
				7863D6BAE1EDE24EC07A8311 /* Pods-SBTUITestTunnelHost_Example.debug.xcconfig */,
				12EF9C579D20DC52B32CB38D /* Pods-SBTUITestTunnelHost_Example.release.xcconfig */,
				17808F764844C5DADEA3CA67 /* Pods-SBTUITestTunnelHost_Tests.debug.xcconfig */,
				7CF5314FEEE9A18F3021098D /* Pods-SBTUITestTunnelHost_Tests.release.xcconfig */,
				7D007DD62C8D234539FD47CC /* Pods-SBTUITestTunnelHost_ExampleUITests.debug.xcconfig */,
				C25167AF8D19E6B1017B5C8C /* Pods-SBTUITestTunnelHost_ExampleUITests.release.xcconfig */,
			);
			name = Pods;
			sourceTree = "<group>";
		};
		6003F581195388D10070C39A = {
			isa = PBXGroup;
			children = (
				60FF7A9C1954A5C5007DD14C /* Podspec Metadata */,
				6003F593195388D20070C39A /* Example for SBTUITestTunnelHost */,
				C30447691EB8B7CB00454832 /* SBTUITestTunnelHost_ExampleUITests */,
				6003F58C195388D20070C39A /* Frameworks */,
				6003F58B195388D20070C39A /* Products */,
				1C8F704142CC91B630067792 /* Pods */,
			);
			sourceTree = "<group>";
		};
		6003F58B195388D20070C39A /* Products */ = {
			isa = PBXGroup;
			children = (
				6003F58A195388D20070C39A /* SBTUITestTunnelHost_Example.app */,
				C30447681EB8B7CB00454832 /* SBTUITestTunnelHost_ExampleUITests.xctest */,
			);
			name = Products;
			sourceTree = "<group>";
		};
		6003F58C195388D20070C39A /* Frameworks */ = {
			isa = PBXGroup;
			children = (
				6003F58D195388D20070C39A /* Foundation.framework */,
				6003F58F195388D20070C39A /* CoreGraphics.framework */,
				6003F591195388D20070C39A /* UIKit.framework */,
				6003F5AF195388D20070C39A /* XCTest.framework */,
				2FD89CED2F138A44A76DE302 /* Pods_SBTUITestTunnelHost_Example.framework */,
				7AA68A5973D0E416D32AE155 /* Pods_SBTUITestTunnelHost_Tests.framework */,
				006DC30551D4F8C9A5B11DD6 /* Pods_SBTUITestTunnelHost_ExampleUITests.framework */,
			);
			name = Frameworks;
			sourceTree = "<group>";
		};
		6003F593195388D20070C39A /* Example for SBTUITestTunnelHost */ = {
			isa = PBXGroup;
			children = (
				6003F59C195388D20070C39A /* SBTAppDelegate.h */,
				6003F59D195388D20070C39A /* SBTAppDelegate.m */,
				873B8AEA1B1F5CCA007FD442 /* Main.storyboard */,
				C323A5DD1EBBCB960030F545 /* SBTViewController.h */,
				C323A5DE1EBBCB960030F545 /* SBTViewController.m */,
				71719F9D1E33DC2100824A3D /* LaunchScreen.storyboard */,
				6003F5A8195388D20070C39A /* Images.xcassets */,
				6003F594195388D20070C39A /* Supporting Files */,
			);
			name = "Example for SBTUITestTunnelHost";
			path = SBTUITestTunnelHost;
			sourceTree = "<group>";
		};
		6003F594195388D20070C39A /* Supporting Files */ = {
			isa = PBXGroup;
			children = (
				6003F595195388D20070C39A /* SBTUITestTunnelHost-Info.plist */,
				6003F596195388D20070C39A /* InfoPlist.strings */,
				6003F599195388D20070C39A /* main.m */,
				6003F59B195388D20070C39A /* SBTUITestTunnelHost-Prefix.pch */,
			);
			name = "Supporting Files";
			sourceTree = "<group>";
		};
		60FF7A9C1954A5C5007DD14C /* Podspec Metadata */ = {
			isa = PBXGroup;
			children = (
				5187B5CB235D1F08D02F2918 /* SBTUITestTunnelHost.podspec */,
				FB8EBC7EFC49C0E784991035 /* README.md */,
				91B9172D5FDE0ACDF8790379 /* LICENSE */,
			);
			name = "Podspec Metadata";
			sourceTree = "<group>";
		};
		C30447691EB8B7CB00454832 /* SBTUITestTunnelHost_ExampleUITests */ = {
			isa = PBXGroup;
			children = (
				C304476A1EB8B7CB00454832 /* SBTUITestTunnelHost_ExampleUITests.m */,
				C30447751EB93DEF00454832 /* SBTUITestTunnelHost_ExampleUITests_Swift.swift */,
				C304476C1EB8B7CB00454832 /* Info.plist */,
				C30447721EB93DA900454832 /* SBTUITestTunnelHost_ExampleUITests-Bridging-Header.h */,
			);
			path = SBTUITestTunnelHost_ExampleUITests;
			sourceTree = "<group>";
		};
/* End PBXGroup section */

/* Begin PBXNativeTarget section */
		6003F589195388D20070C39A /* SBTUITestTunnelHost_Example */ = {
			isa = PBXNativeTarget;
			buildConfigurationList = 6003F5BF195388D20070C39A /* Build configuration list for PBXNativeTarget "SBTUITestTunnelHost_Example" */;
			buildPhases = (
				4696242ACB45D3AE42B0FF32 /* [CP] Check Pods Manifest.lock */,
				6003F586195388D20070C39A /* Sources */,
				6003F587195388D20070C39A /* Frameworks */,
				6003F588195388D20070C39A /* Resources */,
			);
			buildRules = (
			);
			dependencies = (
			);
			name = SBTUITestTunnelHost_Example;
			productName = SBTUITestTunnelHost;
			productReference = 6003F58A195388D20070C39A /* SBTUITestTunnelHost_Example.app */;
			productType = "com.apple.product-type.application";
		};
		C30447671EB8B7CB00454832 /* SBTUITestTunnelHost_ExampleUITests */ = {
			isa = PBXNativeTarget;
			buildConfigurationList = C304476F1EB8B7CB00454832 /* Build configuration list for PBXNativeTarget "SBTUITestTunnelHost_ExampleUITests" */;
			buildPhases = (
				4433F667C657DB08977F4276 /* [CP] Check Pods Manifest.lock */,
				C30447641EB8B7CB00454832 /* Sources */,
				C30447651EB8B7CB00454832 /* Frameworks */,
				C30447661EB8B7CB00454832 /* Resources */,
				7559691DA98AB6CAD499406C /* [CP] Embed Pods Frameworks */,
			);
			buildRules = (
			);
			dependencies = (
				C304476E1EB8B7CB00454832 /* PBXTargetDependency */,
			);
			name = SBTUITestTunnelHost_ExampleUITests;
			productName = SBTUITestTunnelHost_ExampleUITests;
			productReference = C30447681EB8B7CB00454832 /* SBTUITestTunnelHost_ExampleUITests.xctest */;
			productType = "com.apple.product-type.bundle.ui-testing";
		};
/* End PBXNativeTarget section */

/* Begin PBXProject section */
		6003F582195388D10070C39A /* Project object */ = {
			isa = PBXProject;
			attributes = {
				CLASSPREFIX = SBT;
				LastUpgradeCheck = 0830;
				ORGANIZATIONNAME = tcamin;
				TargetAttributes = {
					C30447671EB8B7CB00454832 = {
						CreatedOnToolsVersion = 8.3.2;
						LastSwiftMigration = 0830;
						ProvisioningStyle = Automatic;
						TestTargetID = 6003F589195388D20070C39A;
					};
				};
			};
			buildConfigurationList = 6003F585195388D10070C39A /* Build configuration list for PBXProject "SBTUITestTunnelHost" */;
			compatibilityVersion = "Xcode 3.2";
			developmentRegion = English;
			hasScannedForEncodings = 0;
			knownRegions = (
				English,
				en,
				Base,
			);
			mainGroup = 6003F581195388D10070C39A;
			productRefGroup = 6003F58B195388D20070C39A /* Products */;
			projectDirPath = "";
			projectRoot = "";
			targets = (
				6003F589195388D20070C39A /* SBTUITestTunnelHost_Example */,
				C30447671EB8B7CB00454832 /* SBTUITestTunnelHost_ExampleUITests */,
			);
		};
/* End PBXProject section */

/* Begin PBXResourcesBuildPhase section */
		6003F588195388D20070C39A /* Resources */ = {
			isa = PBXResourcesBuildPhase;
			buildActionMask = 2147483647;
			files = (
				873B8AEB1B1F5CCA007FD442 /* Main.storyboard in Resources */,
				71719F9F1E33DC2100824A3D /* LaunchScreen.storyboard in Resources */,
				6003F5A9195388D20070C39A /* Images.xcassets in Resources */,
				6003F598195388D20070C39A /* InfoPlist.strings in Resources */,
			);
			runOnlyForDeploymentPostprocessing = 0;
		};
		C30447661EB8B7CB00454832 /* Resources */ = {
			isa = PBXResourcesBuildPhase;
			buildActionMask = 2147483647;
			files = (
			);
			runOnlyForDeploymentPostprocessing = 0;
		};
/* End PBXResourcesBuildPhase section */

/* Begin PBXShellScriptBuildPhase section */
		4433F667C657DB08977F4276 /* [CP] Check Pods Manifest.lock */ = {
			isa = PBXShellScriptBuildPhase;
			buildActionMask = 2147483647;
			files = (
			);
			inputPaths = (
				"${PODS_PODFILE_DIR_PATH}/Podfile.lock",
				"${PODS_ROOT}/Manifest.lock",
			);
			name = "[CP] Check Pods Manifest.lock";
			outputPaths = (
				"$(DERIVED_FILE_DIR)/Pods-SBTUITestTunnelHost_ExampleUITests-checkManifestLockResult.txt",
			);
			runOnlyForDeploymentPostprocessing = 0;
			shellPath = /bin/sh;
			shellScript = "diff \"${PODS_PODFILE_DIR_PATH}/Podfile.lock\" \"${PODS_ROOT}/Manifest.lock\" > /dev/null\nif [ $? != 0 ] ; then\n    # print error to STDERR\n    echo \"error: The sandbox is not in sync with the Podfile.lock. Run 'pod install' or update your CocoaPods installation.\" >&2\n    exit 1\nfi\n# This output is used by Xcode 'outputs' to avoid re-running this script phase.\necho \"SUCCESS\" > \"${SCRIPT_OUTPUT_FILE_0}\"\n";
			showEnvVarsInLog = 0;
		};
		4696242ACB45D3AE42B0FF32 /* [CP] Check Pods Manifest.lock */ = {
			isa = PBXShellScriptBuildPhase;
			buildActionMask = 2147483647;
			files = (
			);
			inputPaths = (
				"${PODS_PODFILE_DIR_PATH}/Podfile.lock",
				"${PODS_ROOT}/Manifest.lock",
			);
			name = "[CP] Check Pods Manifest.lock";
			outputPaths = (
				"$(DERIVED_FILE_DIR)/Pods-SBTUITestTunnelHost_Example-checkManifestLockResult.txt",
			);
			runOnlyForDeploymentPostprocessing = 0;
			shellPath = /bin/sh;
			shellScript = "diff \"${PODS_PODFILE_DIR_PATH}/Podfile.lock\" \"${PODS_ROOT}/Manifest.lock\" > /dev/null\nif [ $? != 0 ] ; then\n    # print error to STDERR\n    echo \"error: The sandbox is not in sync with the Podfile.lock. Run 'pod install' or update your CocoaPods installation.\" >&2\n    exit 1\nfi\n# This output is used by Xcode 'outputs' to avoid re-running this script phase.\necho \"SUCCESS\" > \"${SCRIPT_OUTPUT_FILE_0}\"\n";
			showEnvVarsInLog = 0;
		};
		7559691DA98AB6CAD499406C /* [CP] Embed Pods Frameworks */ = {
			isa = PBXShellScriptBuildPhase;
			buildActionMask = 2147483647;
			files = (
			);
			inputPaths = (
				"${PODS_ROOT}/Target Support Files/Pods-SBTUITestTunnelHost_ExampleUITests/Pods-SBTUITestTunnelHost_ExampleUITests-frameworks.sh",
				"${BUILT_PRODUCTS_DIR}/SBTUITestTunnelHost/SBTUITestTunnelHost.framework",
			);
			name = "[CP] Embed Pods Frameworks";
			outputPaths = (
				"${TARGET_BUILD_DIR}/${FRAMEWORKS_FOLDER_PATH}/SBTUITestTunnelHost.framework",
			);
			runOnlyForDeploymentPostprocessing = 0;
			shellPath = /bin/sh;
			shellScript = "\"${PODS_ROOT}/Target Support Files/Pods-SBTUITestTunnelHost_ExampleUITests/Pods-SBTUITestTunnelHost_ExampleUITests-frameworks.sh\"\n";
			showEnvVarsInLog = 0;
		};
/* End PBXShellScriptBuildPhase section */

/* Begin PBXSourcesBuildPhase section */
		6003F586195388D20070C39A /* Sources */ = {
			isa = PBXSourcesBuildPhase;
			buildActionMask = 2147483647;
			files = (
				6003F59E195388D20070C39A /* SBTAppDelegate.m in Sources */,
				6003F59A195388D20070C39A /* main.m in Sources */,
				C323A5DF1EBBCB960030F545 /* SBTViewController.m in Sources */,
			);
			runOnlyForDeploymentPostprocessing = 0;
		};
		C30447641EB8B7CB00454832 /* Sources */ = {
			isa = PBXSourcesBuildPhase;
			buildActionMask = 2147483647;
			files = (
				C30447761EB93DEF00454832 /* SBTUITestTunnelHost_ExampleUITests_Swift.swift in Sources */,
				C304476B1EB8B7CB00454832 /* SBTUITestTunnelHost_ExampleUITests.m in Sources */,
			);
			runOnlyForDeploymentPostprocessing = 0;
		};
/* End PBXSourcesBuildPhase section */

/* Begin PBXTargetDependency section */
		C304476E1EB8B7CB00454832 /* PBXTargetDependency */ = {
			isa = PBXTargetDependency;
			target = 6003F589195388D20070C39A /* SBTUITestTunnelHost_Example */;
			targetProxy = C304476D1EB8B7CB00454832 /* PBXContainerItemProxy */;
		};
/* End PBXTargetDependency section */

/* Begin PBXVariantGroup section */
		6003F596195388D20070C39A /* InfoPlist.strings */ = {
			isa = PBXVariantGroup;
			children = (
				6003F597195388D20070C39A /* en */,
			);
			name = InfoPlist.strings;
			sourceTree = "<group>";
		};
		71719F9D1E33DC2100824A3D /* LaunchScreen.storyboard */ = {
			isa = PBXVariantGroup;
			children = (
				71719F9E1E33DC2100824A3D /* Base */,
			);
			name = LaunchScreen.storyboard;
			sourceTree = "<group>";
		};
/* End PBXVariantGroup section */

/* Begin XCBuildConfiguration section */
		6003F5BD195388D20070C39A /* Debug */ = {
			isa = XCBuildConfiguration;
			buildSettings = {
				ALWAYS_SEARCH_USER_PATHS = NO;
				CLANG_CXX_LANGUAGE_STANDARD = "gnu++0x";
				CLANG_CXX_LIBRARY = "libc++";
				CLANG_ENABLE_MODULES = YES;
				CLANG_ENABLE_OBJC_ARC = YES;
				CLANG_WARN_BOOL_CONVERSION = YES;
				CLANG_WARN_CONSTANT_CONVERSION = YES;
				CLANG_WARN_DIRECT_OBJC_ISA_USAGE = YES_ERROR;
				CLANG_WARN_EMPTY_BODY = YES;
				CLANG_WARN_ENUM_CONVERSION = YES;
				CLANG_WARN_INFINITE_RECURSION = YES;
				CLANG_WARN_INT_CONVERSION = YES;
				CLANG_WARN_OBJC_ROOT_CLASS = YES_ERROR;
				CLANG_WARN_SUSPICIOUS_MOVE = YES;
				CLANG_WARN_UNREACHABLE_CODE = YES;
				CLANG_WARN__DUPLICATE_METHOD_MATCH = YES;
				"CODE_SIGN_IDENTITY[sdk=iphoneos*]" = "iPhone Developer";
				COPY_PHASE_STRIP = NO;
				ENABLE_BITCODE = NO;
				ENABLE_STRICT_OBJC_MSGSEND = YES;
				ENABLE_TESTABILITY = YES;
				GCC_C_LANGUAGE_STANDARD = gnu99;
				GCC_DYNAMIC_NO_PIC = NO;
				GCC_NO_COMMON_BLOCKS = YES;
				GCC_OPTIMIZATION_LEVEL = 0;
				GCC_PREPROCESSOR_DEFINITIONS = (
					"DEBUG=1",
					"$(inherited)",
				);
				GCC_SYMBOLS_PRIVATE_EXTERN = NO;
				GCC_WARN_64_TO_32_BIT_CONVERSION = YES;
				GCC_WARN_ABOUT_RETURN_TYPE = YES_ERROR;
				GCC_WARN_UNDECLARED_SELECTOR = YES;
				GCC_WARN_UNINITIALIZED_AUTOS = YES_AGGRESSIVE;
				GCC_WARN_UNUSED_FUNCTION = YES;
				GCC_WARN_UNUSED_VARIABLE = YES;
				IPHONEOS_DEPLOYMENT_TARGET = 8.3;
				ONLY_ACTIVE_ARCH = YES;
				SDKROOT = iphoneos;
				SWIFT_VERSION = 5.0;
				TARGETED_DEVICE_FAMILY = "1,2";
			};
			name = Debug;
		};
		6003F5BE195388D20070C39A /* Release */ = {
			isa = XCBuildConfiguration;
			buildSettings = {
				ALWAYS_SEARCH_USER_PATHS = NO;
				CLANG_CXX_LANGUAGE_STANDARD = "gnu++0x";
				CLANG_CXX_LIBRARY = "libc++";
				CLANG_ENABLE_MODULES = YES;
				CLANG_ENABLE_OBJC_ARC = YES;
				CLANG_WARN_BOOL_CONVERSION = YES;
				CLANG_WARN_CONSTANT_CONVERSION = YES;
				CLANG_WARN_DIRECT_OBJC_ISA_USAGE = YES_ERROR;
				CLANG_WARN_EMPTY_BODY = YES;
				CLANG_WARN_ENUM_CONVERSION = YES;
				CLANG_WARN_INFINITE_RECURSION = YES;
				CLANG_WARN_INT_CONVERSION = YES;
				CLANG_WARN_OBJC_ROOT_CLASS = YES_ERROR;
				CLANG_WARN_SUSPICIOUS_MOVE = YES;
				CLANG_WARN_UNREACHABLE_CODE = YES;
				CLANG_WARN__DUPLICATE_METHOD_MATCH = YES;
				"CODE_SIGN_IDENTITY[sdk=iphoneos*]" = "iPhone Developer";
				COPY_PHASE_STRIP = YES;
				ENABLE_BITCODE = NO;
				ENABLE_NS_ASSERTIONS = NO;
				ENABLE_STRICT_OBJC_MSGSEND = YES;
				GCC_C_LANGUAGE_STANDARD = gnu99;
				GCC_NO_COMMON_BLOCKS = YES;
				GCC_WARN_64_TO_32_BIT_CONVERSION = YES;
				GCC_WARN_ABOUT_RETURN_TYPE = YES_ERROR;
				GCC_WARN_UNDECLARED_SELECTOR = YES;
				GCC_WARN_UNINITIALIZED_AUTOS = YES_AGGRESSIVE;
				GCC_WARN_UNUSED_FUNCTION = YES;
				GCC_WARN_UNUSED_VARIABLE = YES;
				IPHONEOS_DEPLOYMENT_TARGET = 8.3;
				SDKROOT = iphoneos;
				SWIFT_VERSION = 5.0;
				TARGETED_DEVICE_FAMILY = "1,2";
				VALIDATE_PRODUCT = YES;
			};
			name = Release;
		};
		6003F5C0195388D20070C39A /* Debug */ = {
			isa = XCBuildConfiguration;
			baseConfigurationReference = 7863D6BAE1EDE24EC07A8311 /* Pods-SBTUITestTunnelHost_Example.debug.xcconfig */;
			buildSettings = {
				ASSETCATALOG_COMPILER_APPICON_NAME = AppIcon;
				GCC_PRECOMPILE_PREFIX_HEADER = YES;
				GCC_PREFIX_HEADER = "SBTUITestTunnelHost/SBTUITestTunnelHost-Prefix.pch";
				INFOPLIST_FILE = "SBTUITestTunnelHost/SBTUITestTunnelHost-Info.plist";
				IPHONEOS_DEPLOYMENT_TARGET = 13.0;
				LD_RUNPATH_SEARCH_PATHS = "$(inherited) '@executable_path/Frameworks' '@loader_path/Frameworks' $(FRAMEWORK_SEARCH_PATHS)";
				MODULE_NAME = ExampleApp;
				PRODUCT_BUNDLE_IDENTIFIER = com.subito.tunnelhost;
				PRODUCT_NAME = "$(TARGET_NAME)";
				WRAPPER_EXTENSION = app;
			};
			name = Debug;
		};
		6003F5C1195388D20070C39A /* Release */ = {
			isa = XCBuildConfiguration;
			baseConfigurationReference = 12EF9C579D20DC52B32CB38D /* Pods-SBTUITestTunnelHost_Example.release.xcconfig */;
			buildSettings = {
				ASSETCATALOG_COMPILER_APPICON_NAME = AppIcon;
				GCC_PRECOMPILE_PREFIX_HEADER = YES;
				GCC_PREFIX_HEADER = "SBTUITestTunnelHost/SBTUITestTunnelHost-Prefix.pch";
				INFOPLIST_FILE = "SBTUITestTunnelHost/SBTUITestTunnelHost-Info.plist";
				IPHONEOS_DEPLOYMENT_TARGET = 13.0;
				LD_RUNPATH_SEARCH_PATHS = "$(inherited) '@executable_path/Frameworks' '@loader_path/Frameworks' $(FRAMEWORK_SEARCH_PATHS)";
				MODULE_NAME = ExampleApp;
				PRODUCT_BUNDLE_IDENTIFIER = com.subito.tunnelhost;
				PRODUCT_NAME = "$(TARGET_NAME)";
				WRAPPER_EXTENSION = app;
			};
			name = Release;
		};
		C30447701EB8B7CB00454832 /* Debug */ = {
			isa = XCBuildConfiguration;
			baseConfigurationReference = 7D007DD62C8D234539FD47CC /* Pods-SBTUITestTunnelHost_ExampleUITests.debug.xcconfig */;
			buildSettings = {
				CLANG_ANALYZER_NONNULL = YES;
				CLANG_ANALYZER_NUMBER_OBJECT_CONVERSION = YES_AGGRESSIVE;
				CLANG_ENABLE_MODULES = YES;
				CLANG_WARN_DOCUMENTATION_COMMENTS = YES;
				CLANG_WARN_INFINITE_RECURSION = YES;
				CLANG_WARN_SUSPICIOUS_MOVE = YES;
				CLANG_WARN_UNREACHABLE_CODE = YES;
				DEBUG_INFORMATION_FORMAT = dwarf;
				ENABLE_STRICT_OBJC_MSGSEND = YES;
				GCC_NO_COMMON_BLOCKS = YES;
				INFOPLIST_FILE = SBTUITestTunnelHost_ExampleUITests/Info.plist;
				IPHONEOS_DEPLOYMENT_TARGET = 13.0;
				LD_RUNPATH_SEARCH_PATHS = "$(inherited) @executable_path/Frameworks @loader_path/Frameworks $(FRAMEWORK_SEARCH_PATHS)";
				MTL_ENABLE_DEBUG_INFO = YES;
				PRODUCT_BUNDLE_IDENTIFIER = "com.tomascamin.SBTUITestTunnelHost-ExampleUITests";
				PRODUCT_NAME = "$(TARGET_NAME)";
				SWIFT_OBJC_BRIDGING_HEADER = "SBTUITestTunnelHost_ExampleUITests/SBTUITestTunnelHost_ExampleUITests-Bridging-Header.h";
				SWIFT_OPTIMIZATION_LEVEL = "-Onone";
				TEST_TARGET_NAME = SBTUITestTunnelHost_Example;
			};
			name = Debug;
		};
		C30447711EB8B7CB00454832 /* Release */ = {
			isa = XCBuildConfiguration;
			baseConfigurationReference = C25167AF8D19E6B1017B5C8C /* Pods-SBTUITestTunnelHost_ExampleUITests.release.xcconfig */;
			buildSettings = {
				CLANG_ANALYZER_NONNULL = YES;
				CLANG_ANALYZER_NUMBER_OBJECT_CONVERSION = YES_AGGRESSIVE;
				CLANG_ENABLE_MODULES = YES;
				CLANG_WARN_DOCUMENTATION_COMMENTS = YES;
				CLANG_WARN_INFINITE_RECURSION = YES;
				CLANG_WARN_SUSPICIOUS_MOVE = YES;
				CLANG_WARN_UNREACHABLE_CODE = YES;
				COPY_PHASE_STRIP = NO;
				DEBUG_INFORMATION_FORMAT = "dwarf-with-dsym";
				ENABLE_STRICT_OBJC_MSGSEND = YES;
				GCC_NO_COMMON_BLOCKS = YES;
				INFOPLIST_FILE = SBTUITestTunnelHost_ExampleUITests/Info.plist;
				IPHONEOS_DEPLOYMENT_TARGET = 13.0;
				LD_RUNPATH_SEARCH_PATHS = "$(inherited) @executable_path/Frameworks @loader_path/Frameworks $(FRAMEWORK_SEARCH_PATHS)";
				MTL_ENABLE_DEBUG_INFO = NO;
				PRODUCT_BUNDLE_IDENTIFIER = "com.tomascamin.SBTUITestTunnelHost-ExampleUITests";
				PRODUCT_NAME = "$(TARGET_NAME)";
				SWIFT_OBJC_BRIDGING_HEADER = "SBTUITestTunnelHost_ExampleUITests/SBTUITestTunnelHost_ExampleUITests-Bridging-Header.h";
				TEST_TARGET_NAME = SBTUITestTunnelHost_Example;
			};
			name = Release;
		};
/* End XCBuildConfiguration section */

/* Begin XCConfigurationList section */
		6003F585195388D10070C39A /* Build configuration list for PBXProject "SBTUITestTunnelHost" */ = {
			isa = XCConfigurationList;
			buildConfigurations = (
				6003F5BD195388D20070C39A /* Debug */,
				6003F5BE195388D20070C39A /* Release */,
			);
			defaultConfigurationIsVisible = 0;
			defaultConfigurationName = Release;
		};
		6003F5BF195388D20070C39A /* Build configuration list for PBXNativeTarget "SBTUITestTunnelHost_Example" */ = {
			isa = XCConfigurationList;
			buildConfigurations = (
				6003F5C0195388D20070C39A /* Debug */,
				6003F5C1195388D20070C39A /* Release */,
			);
			defaultConfigurationIsVisible = 0;
			defaultConfigurationName = Release;
		};
		C304476F1EB8B7CB00454832 /* Build configuration list for PBXNativeTarget "SBTUITestTunnelHost_ExampleUITests" */ = {
			isa = XCConfigurationList;
			buildConfigurations = (
				C30447701EB8B7CB00454832 /* Debug */,
				C30447711EB8B7CB00454832 /* Release */,
			);
			defaultConfigurationIsVisible = 0;
			defaultConfigurationName = Release;
		};
/* End XCConfigurationList section */
	};
	rootObject = 6003F582195388D10070C39A /* Project object */;
}
