PODS:
  - GCDWebServer (3.3.2):
    - GCDWebServer/Core (= 3.3.2)
  - GCDWebServer/Core (3.3.2)

DEPENDENCIES:
  - GCDWebServer

SPEC REPOS:
  trunk:
    - GCDWebServer

SPEC CHECKSUMS:
  GCDWebServer: 2a375ec42839a41d7187d04e5b688d32fa5c4cd5

PODFILE CHECKSUM: 1698c64118fbd33edae11f15d05fd2bebefe56b2

COCOAPODS: 1.11.3
